
Microsoft Visual Studio Solution File, Format Version 12.00
# Visual Studio Version 17
VisualStudioVersion = 17.12.35527.113
MinimumVisualStudioVersion = 10.0.40219.1
Project("{FAE04EC0-301F-11D3-BF4B-00C04F79EFBC}") = "ConsoleApp1", "ConsoleApp1\ConsoleApp1.csproj", "{8A582106-80F6-478F-9576-913B590EA6C1}"
EndProject
Project("{FAE04EC0-301F-11D3-BF4B-00C04F79EFBC}") = "ConsoleApp2", "ConsoleApp2\ConsoleApp2.csproj", "{6B942FD2-8BBF-4504-A8A3-C60C15DF0937}"
EndProject
Project("{FAE04EC0-301F-11D3-BF4B-00C04F79EFBC}") = "Test", "Test\Test.csproj", "{D098FC60-772C-47BC-AE10-DB3012555700}"
EndProject
Project("{FAE04EC0-301F-11D3-BF4B-00C04F79EFBC}") = "ConsoleApp3", "ConsoleApp3\ConsoleApp3.csproj", "{6FCEB55A-5DB1-4918-9D9F-8ECA9C13AF10}"
EndProject
Project("{FAE04EC0-301F-11D3-BF4B-00C04F79EFBC}") = "ConsoleApp4", "ConsoleApp4\ConsoleApp4.csproj", "{7B7D4D7D-4018-4A28-AA7A-7A56EF64AC94}"
EndProject
Project("{FAE04EC0-301F-11D3-BF4B-00C04F79EFBC}") = "ConsoleApp5", "ConsoleApp5\ConsoleApp5.csproj", "{EE43F472-519C-44A7-BBFC-DD7B4BC67334}"
EndProject
Project("{FAE04EC0-301F-11D3-BF4B-00C04F79EFBC}") = "ConsoleApp6", "ConsoleApp6\ConsoleApp6.csproj", "{B8BA9C19-F196-4711-8F7C-4E2BF729E30A}"
EndProject
Project("{FAE04EC0-301F-11D3-BF4B-00C04F79EFBC}") = "ConsoleApp7", "ConsoleApp7\ConsoleApp7.csproj", "{B089BA21-E8F0-4164-9B3B-33F1A87346B4}"
EndProject
Project("{FAE04EC0-301F-11D3-BF4B-00C04F79EFBC}") = "ConsoleApp8", "ConsoleApp8\ConsoleApp8.csproj", "{C9B60686-A592-4978-AF43-050053635D82}"
EndProject
Project("{FAE04EC0-301F-11D3-BF4B-00C04F79EFBC}") = "ConsoleApp9", "ConsoleApp9\ConsoleApp9.csproj", "{8019BF8E-B9A0-44B7-9B8D-AE3E9F1D0E50}"
EndProject
Project("{FAE04EC0-301F-11D3-BF4B-00C04F79EFBC}") = "Test2", "Test2\Test2.csproj", "{EE87ED07-71C1-4993-A6F7-58B5CAB67B57}"
EndProject
Project("{FAE04EC0-301F-11D3-BF4B-00C04F79EFBC}") = "MiniGame2-5", "MiniGame2-5\MiniGame2-5.csproj", "{D6DE3C73-90B5-4AD0-9341-704743CA7C3A}"
EndProject
Project("{FAE04EC0-301F-11D3-BF4B-00C04F79EFBC}") = "MiniGame2-6", "MiniGame2-6\MiniGame2-6.csproj", "{CB15E1E8-E52E-47E6-9686-FA36E15C46A5}"
EndProject
Project("{FAE04EC0-301F-11D3-BF4B-00C04F79EFBC}") = "OneMore", "OneMore\OneMore.csproj", "{4C3538D1-EE2F-425F-9D64-618688BAE37C}"
EndProject
Project("{FAE04EC0-301F-11D3-BF4B-00C04F79EFBC}") = "ConsoleApp10", "ConsoleApp10\ConsoleApp10.csproj", "{F8A4567B-0F69-4A8B-9F4E-00B30468FE76}"
EndProject
Project("{FAE04EC0-301F-11D3-BF4B-00C04F79EFBC}") = "8_2", "8_2\8_2.csproj", "{EB7A7210-8910-405A-BE92-C679756FDAC0}"
EndProject
Project("{FAE04EC0-301F-11D3-BF4B-00C04F79EFBC}") = "9_1", "9_1\9_1.csproj", "{EAB16232-5DB4-41B2-8E6E-DA9D738B9862}"
EndProject
Project("{FAE04EC0-301F-11D3-BF4B-00C04F79EFBC}") = "9_2", "9_2\9_2.csproj", "{5B9C0C85-5146-46B6-AA27-61EA5006A2DA}"
EndProject
Project("{FAE04EC0-301F-11D3-BF4B-00C04F79EFBC}") = "9_3", "9_3\9_3.csproj", "{BF1189BB-59E0-4B8B-B80A-1525E38F90C3}"
EndProject
Project("{FAE04EC0-301F-11D3-BF4B-00C04F79EFBC}") = "10_1", "10_1\10_1.csproj", "{1B1B3C8A-EF5A-4FBF-92A8-4DE80FA1FEB3}"
EndProject
Project("{FAE04EC0-301F-11D3-BF4B-00C04F79EFBC}") = "10_2", "10_2\10_2.csproj", "{F7EAAA86-E1D8-458C-973D-548CBD5B135D}"
EndProject
Project("{FAE04EC0-301F-11D3-BF4B-00C04F79EFBC}") = "MiniGame3_1", "MiniGame3_1\MiniGame3_1.csproj", "{67527D12-998A-4AED-918A-06672A0A9CBB}"
EndProject
Project("{FAE04EC0-301F-11D3-BF4B-00C04F79EFBC}") = "Test3", "Test3\Test3.csproj", "{E6DABDD8-4016-4B38-BD67-C8DBA6DDEE97}"
EndProject
Project("{FAE04EC0-301F-11D3-BF4B-00C04F79EFBC}") = "Retry", "Retry\Retry.csproj", "{92D8C793-2ACD-4D14-A7C8-3CBECE8EF774}"
EndProject
Project("{FAE04EC0-301F-11D3-BF4B-00C04F79EFBC}") = "11_1", "11_1\11_1.csproj", "{1B3E94CE-3074-4725-8305-D6DDF16FFEA9}"
EndProject
Project("{FAE04EC0-301F-11D3-BF4B-00C04F79EFBC}") = "11_2", "11_2\11_2.csproj", "{4738CE9C-2192-4BED-B58F-27318E82ACCC}"
EndProject
Project("{FAE04EC0-301F-11D3-BF4B-00C04F79EFBC}") = "10_3", "10_3\10_3.csproj", "{1FCD6A62-7D31-4364-99C2-7EB55153924C}"
EndProject
Project("{FAE04EC0-301F-11D3-BF4B-00C04F79EFBC}") = "13_1", "13_1\13_1.csproj", "{090C6195-E242-478C-A615-6A40AFF96B02}"
EndProject
Project("{FAE04EC0-301F-11D3-BF4B-00C04F79EFBC}") = "13_2", "13_2\13_2.csproj", "{90401090-6138-4FAC-A002-8848B76F1B12}"
EndProject
Global
	GlobalSection(SolutionConfigurationPlatforms) = preSolution
		Debug|Any CPU = Debug|Any CPU
		Release|Any CPU = Release|Any CPU
	EndGlobalSection
	GlobalSection(ProjectConfigurationPlatforms) = postSolution
		{8A582106-80F6-478F-9576-913B590EA6C1}.Debug|Any CPU.ActiveCfg = Debug|Any CPU
		{8A582106-80F6-478F-9576-913B590EA6C1}.Debug|Any CPU.Build.0 = Debug|Any CPU
		{8A582106-80F6-478F-9576-913B590EA6C1}.Release|Any CPU.ActiveCfg = Release|Any CPU
		{8A582106-80F6-478F-9576-913B590EA6C1}.Release|Any CPU.Build.0 = Release|Any CPU
		{6B942FD2-8BBF-4504-A8A3-C60C15DF0937}.Debug|Any CPU.ActiveCfg = Debug|Any CPU
		{6B942FD2-8BBF-4504-A8A3-C60C15DF0937}.Debug|Any CPU.Build.0 = Debug|Any CPU
		{6B942FD2-8BBF-4504-A8A3-C60C15DF0937}.Release|Any CPU.ActiveCfg = Release|Any CPU
		{6B942FD2-8BBF-4504-A8A3-C60C15DF0937}.Release|Any CPU.Build.0 = Release|Any CPU
		{D098FC60-772C-47BC-AE10-DB3012555700}.Debug|Any CPU.ActiveCfg = Debug|Any CPU
		{D098FC60-772C-47BC-AE10-DB3012555700}.Debug|Any CPU.Build.0 = Debug|Any CPU
		{D098FC60-772C-47BC-AE10-DB3012555700}.Release|Any CPU.ActiveCfg = Release|Any CPU
		{D098FC60-772C-47BC-AE10-DB3012555700}.Release|Any CPU.Build.0 = Release|Any CPU
		{6FCEB55A-5DB1-4918-9D9F-8ECA9C13AF10}.Debug|Any CPU.ActiveCfg = Debug|Any CPU
		{6FCEB55A-5DB1-4918-9D9F-8ECA9C13AF10}.Debug|Any CPU.Build.0 = Debug|Any CPU
		{6FCEB55A-5DB1-4918-9D9F-8ECA9C13AF10}.Release|Any CPU.ActiveCfg = Release|Any CPU
		{6FCEB55A-5DB1-4918-9D9F-8ECA9C13AF10}.Release|Any CPU.Build.0 = Release|Any CPU
		{7B7D4D7D-4018-4A28-AA7A-7A56EF64AC94}.Debug|Any CPU.ActiveCfg = Debug|Any CPU
		{7B7D4D7D-4018-4A28-AA7A-7A56EF64AC94}.Debug|Any CPU.Build.0 = Debug|Any CPU
		{7B7D4D7D-4018-4A28-AA7A-7A56EF64AC94}.Release|Any CPU.ActiveCfg = Release|Any CPU
		{7B7D4D7D-4018-4A28-AA7A-7A56EF64AC94}.Release|Any CPU.Build.0 = Release|Any CPU
		{EE43F472-519C-44A7-BBFC-DD7B4BC67334}.Debug|Any CPU.ActiveCfg = Debug|Any CPU
		{EE43F472-519C-44A7-BBFC-DD7B4BC67334}.Debug|Any CPU.Build.0 = Debug|Any CPU
		{EE43F472-519C-44A7-BBFC-DD7B4BC67334}.Release|Any CPU.ActiveCfg = Release|Any CPU
		{EE43F472-519C-44A7-BBFC-DD7B4BC67334}.Release|Any CPU.Build.0 = Release|Any CPU
		{B8BA9C19-F196-4711-8F7C-4E2BF729E30A}.Debug|Any CPU.ActiveCfg = Debug|Any CPU
		{B8BA9C19-F196-4711-8F7C-4E2BF729E30A}.Debug|Any CPU.Build.0 = Debug|Any CPU
		{B8BA9C19-F196-4711-8F7C-4E2BF729E30A}.Release|Any CPU.ActiveCfg = Release|Any CPU
		{B8BA9C19-F196-4711-8F7C-4E2BF729E30A}.Release|Any CPU.Build.0 = Release|Any CPU
		{B089BA21-E8F0-4164-9B3B-33F1A87346B4}.Debug|Any CPU.ActiveCfg = Debug|Any CPU
		{B089BA21-E8F0-4164-9B3B-33F1A87346B4}.Debug|Any CPU.Build.0 = Debug|Any CPU
		{B089BA21-E8F0-4164-9B3B-33F1A87346B4}.Release|Any CPU.ActiveCfg = Release|Any CPU
		{B089BA21-E8F0-4164-9B3B-33F1A87346B4}.Release|Any CPU.Build.0 = Release|Any CPU
		{C9B60686-A592-4978-AF43-050053635D82}.Debug|Any CPU.ActiveCfg = Debug|Any CPU
		{C9B60686-A592-4978-AF43-050053635D82}.Debug|Any CPU.Build.0 = Debug|Any CPU
		{C9B60686-A592-4978-AF43-050053635D82}.Release|Any CPU.ActiveCfg = Release|Any CPU
		{C9B60686-A592-4978-AF43-050053635D82}.Release|Any CPU.Build.0 = Release|Any CPU
		{8019BF8E-B9A0-44B7-9B8D-AE3E9F1D0E50}.Debug|Any CPU.ActiveCfg = Debug|Any CPU
		{8019BF8E-B9A0-44B7-9B8D-AE3E9F1D0E50}.Debug|Any CPU.Build.0 = Debug|Any CPU
		{8019BF8E-B9A0-44B7-9B8D-AE3E9F1D0E50}.Release|Any CPU.ActiveCfg = Release|Any CPU
		{8019BF8E-B9A0-44B7-9B8D-AE3E9F1D0E50}.Release|Any CPU.Build.0 = Release|Any CPU
		{EE87ED07-71C1-4993-A6F7-58B5CAB67B57}.Debug|Any CPU.ActiveCfg = Debug|Any CPU
		{EE87ED07-71C1-4993-A6F7-58B5CAB67B57}.Debug|Any CPU.Build.0 = Debug|Any CPU
		{EE87ED07-71C1-4993-A6F7-58B5CAB67B57}.Release|Any CPU.ActiveCfg = Release|Any CPU
		{EE87ED07-71C1-4993-A6F7-58B5CAB67B57}.Release|Any CPU.Build.0 = Release|Any CPU
		{D6DE3C73-90B5-4AD0-9341-704743CA7C3A}.Debug|Any CPU.ActiveCfg = Debug|Any CPU
		{D6DE3C73-90B5-4AD0-9341-704743CA7C3A}.Debug|Any CPU.Build.0 = Debug|Any CPU
		{D6DE3C73-90B5-4AD0-9341-704743CA7C3A}.Release|Any CPU.ActiveCfg = Release|Any CPU
		{D6DE3C73-90B5-4AD0-9341-704743CA7C3A}.Release|Any CPU.Build.0 = Release|Any CPU
		{CB15E1E8-E52E-47E6-9686-FA36E15C46A5}.Debug|Any CPU.ActiveCfg = Debug|Any CPU
		{CB15E1E8-E52E-47E6-9686-FA36E15C46A5}.Debug|Any CPU.Build.0 = Debug|Any CPU
		{CB15E1E8-E52E-47E6-9686-FA36E15C46A5}.Release|Any CPU.ActiveCfg = Release|Any CPU
		{CB15E1E8-E52E-47E6-9686-FA36E15C46A5}.Release|Any CPU.Build.0 = Release|Any CPU
		{4C3538D1-EE2F-425F-9D64-618688BAE37C}.Debug|Any CPU.ActiveCfg = Debug|Any CPU
		{4C3538D1-EE2F-425F-9D64-618688BAE37C}.Debug|Any CPU.Build.0 = Debug|Any CPU
		{4C3538D1-EE2F-425F-9D64-618688BAE37C}.Release|Any CPU.ActiveCfg = Release|Any CPU
		{4C3538D1-EE2F-425F-9D64-618688BAE37C}.Release|Any CPU.Build.0 = Release|Any CPU
		{F8A4567B-0F69-4A8B-9F4E-00B30468FE76}.Debug|Any CPU.ActiveCfg = Debug|Any CPU
		{F8A4567B-0F69-4A8B-9F4E-00B30468FE76}.Debug|Any CPU.Build.0 = Debug|Any CPU
		{F8A4567B-0F69-4A8B-9F4E-00B30468FE76}.Release|Any CPU.ActiveCfg = Release|Any CPU
		{F8A4567B-0F69-4A8B-9F4E-00B30468FE76}.Release|Any CPU.Build.0 = Release|Any CPU
		{EB7A7210-8910-405A-BE92-C679756FDAC0}.Debug|Any CPU.ActiveCfg = Debug|Any CPU
		{EB7A7210-8910-405A-BE92-C679756FDAC0}.Debug|Any CPU.Build.0 = Debug|Any CPU
		{EB7A7210-8910-405A-BE92-C679756FDAC0}.Release|Any CPU.ActiveCfg = Release|Any CPU
		{EB7A7210-8910-405A-BE92-C679756FDAC0}.Release|Any CPU.Build.0 = Release|Any CPU
		{EAB16232-5DB4-41B2-8E6E-DA9D738B9862}.Debug|Any CPU.ActiveCfg = Debug|Any CPU
		{EAB16232-5DB4-41B2-8E6E-DA9D738B9862}.Debug|Any CPU.Build.0 = Debug|Any CPU
		{EAB16232-5DB4-41B2-8E6E-DA9D738B9862}.Release|Any CPU.ActiveCfg = Release|Any CPU
		{EAB16232-5DB4-41B2-8E6E-DA9D738B9862}.Release|Any CPU.Build.0 = Release|Any CPU
		{5B9C0C85-5146-46B6-AA27-61EA5006A2DA}.Debug|Any CPU.ActiveCfg = Debug|Any CPU
		{5B9C0C85-5146-46B6-AA27-61EA5006A2DA}.Debug|Any CPU.Build.0 = Debug|Any CPU
		{5B9C0C85-5146-46B6-AA27-61EA5006A2DA}.Release|Any CPU.ActiveCfg = Release|Any CPU
		{5B9C0C85-5146-46B6-AA27-61EA5006A2DA}.Release|Any CPU.Build.0 = Release|Any CPU
		{BF1189BB-59E0-4B8B-B80A-1525E38F90C3}.Debug|Any CPU.ActiveCfg = Debug|Any CPU
		{BF1189BB-59E0-4B8B-B80A-1525E38F90C3}.Debug|Any CPU.Build.0 = Debug|Any CPU
		{BF1189BB-59E0-4B8B-B80A-1525E38F90C3}.Release|Any CPU.ActiveCfg = Release|Any CPU
		{BF1189BB-59E0-4B8B-B80A-1525E38F90C3}.Release|Any CPU.Build.0 = Release|Any CPU
		{1B1B3C8A-EF5A-4FBF-92A8-4DE80FA1FEB3}.Debug|Any CPU.ActiveCfg = Debug|Any CPU
		{1B1B3C8A-EF5A-4FBF-92A8-4DE80FA1FEB3}.Debug|Any CPU.Build.0 = Debug|Any CPU
		{1B1B3C8A-EF5A-4FBF-92A8-4DE80FA1FEB3}.Release|Any CPU.ActiveCfg = Release|Any CPU
		{1B1B3C8A-EF5A-4FBF-92A8-4DE80FA1FEB3}.Release|Any CPU.Build.0 = Release|Any CPU
		{F7EAAA86-E1D8-458C-973D-548CBD5B135D}.Debug|Any CPU.ActiveCfg = Debug|Any CPU
		{F7EAAA86-E1D8-458C-973D-548CBD5B135D}.Debug|Any CPU.Build.0 = Debug|Any CPU
		{F7EAAA86-E1D8-458C-973D-548CBD5B135D}.Release|Any CPU.ActiveCfg = Release|Any CPU
		{F7EAAA86-E1D8-458C-973D-548CBD5B135D}.Release|Any CPU.Build.0 = Release|Any CPU
		{67527D12-998A-4AED-918A-06672A0A9CBB}.Debug|Any CPU.ActiveCfg = Debug|Any CPU
		{67527D12-998A-4AED-918A-06672A0A9CBB}.Debug|Any CPU.Build.0 = Debug|Any CPU
		{67527D12-998A-4AED-918A-06672A0A9CBB}.Release|Any CPU.ActiveCfg = Release|Any CPU
		{67527D12-998A-4AED-918A-06672A0A9CBB}.Release|Any CPU.Build.0 = Release|Any CPU
		{E6DABDD8-4016-4B38-BD67-C8DBA6DDEE97}.Debug|Any CPU.ActiveCfg = Debug|Any CPU
		{E6DABDD8-4016-4B38-BD67-C8DBA6DDEE97}.Debug|Any CPU.Build.0 = Debug|Any CPU
		{E6DABDD8-4016-4B38-BD67-C8DBA6DDEE97}.Release|Any CPU.ActiveCfg = Release|Any CPU
		{E6DABDD8-4016-4B38-BD67-C8DBA6DDEE97}.Release|Any CPU.Build.0 = Release|Any CPU
		{92D8C793-2ACD-4D14-A7C8-3CBECE8EF774}.Debug|Any CPU.ActiveCfg = Debug|Any CPU
		{92D8C793-2ACD-4D14-A7C8-3CBECE8EF774}.Debug|Any CPU.Build.0 = Debug|Any CPU
		{92D8C793-2ACD-4D14-A7C8-3CBECE8EF774}.Release|Any CPU.ActiveCfg = Release|Any CPU
		{92D8C793-2ACD-4D14-A7C8-3CBECE8EF774}.Release|Any CPU.Build.0 = Release|Any CPU
		{1B3E94CE-3074-4725-8305-D6DDF16FFEA9}.Debug|Any CPU.ActiveCfg = Debug|Any CPU
		{1B3E94CE-3074-4725-8305-D6DDF16FFEA9}.Debug|Any CPU.Build.0 = Debug|Any CPU
		{1B3E94CE-3074-4725-8305-D6DDF16FFEA9}.Release|Any CPU.ActiveCfg = Release|Any CPU
		{1B3E94CE-3074-4725-8305-D6DDF16FFEA9}.Release|Any CPU.Build.0 = Release|Any CPU
		{4738CE9C-2192-4BED-B58F-27318E82ACCC}.Debug|Any CPU.ActiveCfg = Debug|Any CPU
		{4738CE9C-2192-4BED-B58F-27318E82ACCC}.Debug|Any CPU.Build.0 = Debug|Any CPU
		{4738CE9C-2192-4BED-B58F-27318E82ACCC}.Release|Any CPU.ActiveCfg = Release|Any CPU
		{4738CE9C-2192-4BED-B58F-27318E82ACCC}.Release|Any CPU.Build.0 = Release|Any CPU
		{1FCD6A62-7D31-4364-99C2-7EB55153924C}.Debug|Any CPU.ActiveCfg = Debug|Any CPU
		{1FCD6A62-7D31-4364-99C2-7EB55153924C}.Debug|Any CPU.Build.0 = Debug|Any CPU
		{1FCD6A62-7D31-4364-99C2-7EB55153924C}.Release|Any CPU.ActiveCfg = Release|Any CPU
		{1FCD6A62-7D31-4364-99C2-7EB55153924C}.Release|Any CPU.Build.0 = Release|Any CPU
		{090C6195-E242-478C-A615-6A40AFF96B02}.Debug|Any CPU.ActiveCfg = Debug|Any CPU
		{090C6195-E242-478C-A615-6A40AFF96B02}.Debug|Any CPU.Build.0 = Debug|Any CPU
		{090C6195-E242-478C-A615-6A40AFF96B02}.Release|Any CPU.ActiveCfg = Release|Any CPU
		{090C6195-E242-478C-A615-6A40AFF96B02}.Release|Any CPU.Build.0 = Release|Any CPU
		{90401090-6138-4FAC-A002-8848B76F1B12}.Debug|Any CPU.ActiveCfg = Debug|Any CPU
		{90401090-6138-4FAC-A002-8848B76F1B12}.Debug|Any CPU.Build.0 = Debug|Any CPU
		{90401090-6138-4FAC-A002-8848B76F1B12}.Release|Any CPU.ActiveCfg = Release|Any CPU
		{90401090-6138-4FAC-A002-8848B76F1B12}.Release|Any CPU.Build.0 = Release|Any CPU
	EndGlobalSection
	GlobalSection(SolutionProperties) = preSolution
		HideSolutionNode = FALSE
	EndGlobalSection
EndGlobal
